
Microsoft Visual Studio Solution File, Format Version 12.00
# Visual Studio Version 17
VisualStudioVersion = 17.6.33723.286
MinimumVisualStudioVersion = 10.0.40219.1
Project("{FAE04EC0-301F-11D3-BF4B-00C04F79EFBC}") = "dymaptic.Chat.Shared", "dymaptic.Chat.Shared\dymaptic.Chat.Shared.csproj", "{4080ECAD-AECA-479F-ACF2-94A0CA12E0E3}"
EndProject
Project("{9A19103F-16F7-4668-BE54-9A1E7A4F7556}") = "dymaptic.Chat.ArcGIS", "dymaptic.Chat.ArcGIS\dymaptic.Chat.ArcGIS.csproj", "{9EBD6F6F-B615-4FBA-850D-A02E5D871E02}"
EndProject
Project("{9A19103F-16F7-4668-BE54-9A1E7A4F7556}") = "dymaptic.Chat.Server", "dymaptic.Chat.Server\dymaptic.Chat.Server.csproj", "{C8F1FECF-94C8-44D1-A9F2-50A5CD21930E}"
EndProject
Global
	GlobalSection(SolutionConfigurationPlatforms) = preSolution
		Debug|Any CPU = Debug|Any CPU
		Release|Any CPU = Release|Any CPU
	EndGlobalSection
	GlobalSection(ProjectConfigurationPlatforms) = postSolution
		{4080ECAD-AECA-479F-ACF2-94A0CA12E0E3}.Debug|Any CPU.ActiveCfg = Debug|Any CPU
		{4080ECAD-AECA-479F-ACF2-94A0CA12E0E3}.Debug|Any CPU.Build.0 = Debug|Any CPU
		{4080ECAD-AECA-479F-ACF2-94A0CA12E0E3}.Release|Any CPU.ActiveCfg = Release|Any CPU
		{4080ECAD-AECA-479F-ACF2-94A0CA12E0E3}.Release|Any CPU.Build.0 = Release|Any CPU
		{9EBD6F6F-B615-4FBA-850D-A02E5D871E02}.Debug|Any CPU.ActiveCfg = Debug|Any CPU
		{9EBD6F6F-B615-4FBA-850D-A02E5D871E02}.Debug|Any CPU.Build.0 = Debug|Any CPU
		{9EBD6F6F-B615-4FBA-850D-A02E5D871E02}.Release|Any CPU.ActiveCfg = Release|Any CPU
		{9EBD6F6F-B615-4FBA-850D-A02E5D871E02}.Release|Any CPU.Build.0 = Release|Any CPU
		{C8F1FECF-94C8-44D1-A9F2-50A5CD21930E}.Debug|Any CPU.ActiveCfg = Debug|Any CPU
		{C8F1FECF-94C8-44D1-A9F2-50A5CD21930E}.Debug|Any CPU.Build.0 = Debug|Any CPU
		{C8F1FECF-94C8-44D1-A9F2-50A5CD21930E}.Release|Any CPU.ActiveCfg = Release|Any CPU
		{C8F1FECF-94C8-44D1-A9F2-50A5CD21930E}.Release|Any CPU.Build.0 = Release|Any CPU
	EndGlobalSection
	GlobalSection(SolutionProperties) = preSolution
		HideSolutionNode = FALSE
	EndGlobalSection
	GlobalSection(ExtensibilityGlobals) = postSolution
		SolutionGuid = {E3219673-1C32-4784-92D8-6A803DDA0F54}
	EndGlobalSection
EndGlobal
